
Microsoft Visual Studio Solution File, Format Version 12.00
Project("{FAE04EC0-301F-11D3-BF4B-00C04F79EFBC}") = "MotorcycleProblem", "MotorcycleProblem\MotorcycleProblem.csproj", "{97CCD9D4-2511-4860-A13C-816A6FB473DF}"
EndProject
Project("{FAE04EC0-301F-11D3-BF4B-00C04F79EFBC}") = "MotorcyclesProblemTests", "MotorcyclesProblemTests\MotorcyclesProblemTests.csproj", "{F445ED94-CEEF-4790-828C-485AED6AD82B}"
EndProject
Global
	GlobalSection(SolutionConfigurationPlatforms) = preSolution
		Debug|Any CPU = Debug|Any CPU
		Release|Any CPU = Release|Any CPU
	EndGlobalSection
	GlobalSection(ProjectConfigurationPlatforms) = postSolution
		{97CCD9D4-2511-4860-A13C-816A6FB473DF}.Debug|Any CPU.ActiveCfg = Debug|Any CPU
		{97CCD9D4-2511-4860-A13C-816A6FB473DF}.Debug|Any CPU.Build.0 = Debug|Any CPU
		{97CCD9D4-2511-4860-A13C-816A6FB473DF}.Release|Any CPU.ActiveCfg = Release|Any CPU
		{97CCD9D4-2511-4860-A13C-816A6FB473DF}.Release|Any CPU.Build.0 = Release|Any CPU
		{F445ED94-CEEF-4790-828C-485AED6AD82B}.Debug|Any CPU.ActiveCfg = Debug|Any CPU
		{F445ED94-CEEF-4790-828C-485AED6AD82B}.Debug|Any CPU.Build.0 = Debug|Any CPU
		{F445ED94-CEEF-4790-828C-485AED6AD82B}.Release|Any CPU.ActiveCfg = Release|Any CPU
		{F445ED94-CEEF-4790-828C-485AED6AD82B}.Release|Any CPU.Build.0 = Release|Any CPU
	EndGlobalSection
EndGlobal
